
Microsoft Visual Studio Solution File, Format Version 12.00
# Visual Studio Version 16
VisualStudioVersion = 16.0.30413.136
MinimumVisualStudioVersion = 10.0.40219.1
Project("{FAE04EC0-301F-11D3-BF4B-00C04F79EFBC}") = "GitTest", "GitTest\GitTest.csproj", "{DCBAB3E7-900E-47E5-984C-EE87715C38AA}"
EndProject
Global
	GlobalSection(SolutionConfigurationPlatforms) = preSolution
		Debug|Any CPU = Debug|Any CPU
		Release|Any CPU = Release|Any CPU
	EndGlobalSection
	GlobalSection(ProjectConfigurationPlatforms) = postSolution
		{DCBAB3E7-900E-47E5-984C-EE87715C38AA}.Debug|Any CPU.ActiveCfg = Debug|Any CPU
		{DCBAB3E7-900E-47E5-984C-EE87715C38AA}.Debug|Any CPU.Build.0 = Debug|Any CPU
		{DCBAB3E7-900E-47E5-984C-EE87715C38AA}.Release|Any CPU.ActiveCfg = Release|Any CPU
		{DCBAB3E7-900E-47E5-984C-EE87715C38AA}.Release|Any CPU.Build.0 = Release|Any CPU
	EndGlobalSection
	GlobalSection(SolutionProperties) = preSolution
		HideSolutionNode = FALSE
	EndGlobalSection
	GlobalSection(ExtensibilityGlobals) = postSolution
		SolutionGuid = {F7EE32F4-3468-4F6A-9421-30F7AED68F78}
	EndGlobalSection
EndGlobal
